// !$*UTF8*$!
{
	archiveVersion = 1;
	classes = {
	};
	objectVersion = 56;
	objects = {

/* Begin PBXBuildFile section */
		AC2B00DF2A1B092700C135D3 /* Block.swift in Sources */ = {isa = PBXBuildFile; fileRef = AC2B00DE2A1B092700C135D3 /* Block.swift */; };
		AC416A682A1B961700240610 /* Jua-Regular.ttf in Resources */ = {isa = PBXBuildFile; fileRef = AC416A672A1B961700240610 /* Jua-Regular.ttf */; };
		AC416A6D2A1B966D00240610 /* AppColor.swift in Sources */ = {isa = PBXBuildFile; fileRef = AC416A6C2A1B966D00240610 /* AppColor.swift */; };
		AC416A6F2A1B974100240610 /* AppFont.swift in Sources */ = {isa = PBXBuildFile; fileRef = AC416A6E2A1B974100240610 /* AppFont.swift */; };
		AC4B16DB2A1609A0002667E3 /* tower_bloxxApp.swift in Sources */ = {isa = PBXBuildFile; fileRef = AC4B16DA2A1609A0002667E3 /* tower_bloxxApp.swift */; };
		AC4B16DD2A1609A0002667E3 /* GameView.swift in Sources */ = {isa = PBXBuildFile; fileRef = AC4B16DC2A1609A0002667E3 /* GameView.swift */; };
		AC4B16DF2A1609A1002667E3 /* Assets.xcassets in Resources */ = {isa = PBXBuildFile; fileRef = AC4B16DE2A1609A1002667E3 /* Assets.xcassets */; };
		AC4B16E22A1609A1002667E3 /* Preview Assets.xcassets in Resources */ = {isa = PBXBuildFile; fileRef = AC4B16E12A1609A1002667E3 /* Preview Assets.xcassets */; };
		ACC25AC72A1D212200043E23 /* MusicController.swift in Sources */ = {isa = PBXBuildFile; fileRef = ACC25AC62A1D212200043E23 /* MusicController.swift */; };
		ACD2DC322A1C708700A1ADBF /* HomeView.swift in Sources */ = {isa = PBXBuildFile; fileRef = ACD2DC312A1C708700A1ADBF /* HomeView.swift */; };
		ACD2DC362A1C7BC400A1ADBF /* CustomButton.swift in Sources */ = {isa = PBXBuildFile; fileRef = ACD2DC352A1C7BC400A1ADBF /* CustomButton.swift */; };
		ACD2DC382A1C81A000A1ADBF /* Popup.swift in Sources */ = {isa = PBXBuildFile; fileRef = ACD2DC372A1C81A000A1ADBF /* Popup.swift */; };
		ACD2DC3D2A1CCD3600A1ADBF /* TowerBlock.xcdatamodeld in Sources */ = {isa = PBXBuildFile; fileRef = ACD2DC3B2A1CCD3600A1ADBF /* TowerBlock.xcdatamodeld */; };
		ACD2DC3F2A1CCDBA00A1ADBF /* CoreDataManager.swift in Sources */ = {isa = PBXBuildFile; fileRef = ACD2DC3E2A1CCDBA00A1ADBF /* CoreDataManager.swift */; };
		ACD2DC432A1D024100A1ADBF /* bgm.mp3 in Resources */ = {isa = PBXBuildFile; fileRef = ACD2DC422A1D024100A1ADBF /* bgm.mp3 */; };
/* End PBXBuildFile section */

/* Begin PBXFileReference section */
		AC2B00DE2A1B092700C135D3 /* Block.swift */ = {isa = PBXFileReference; lastKnownFileType = sourcecode.swift; path = Block.swift; sourceTree = "<group>"; };
		AC416A672A1B961700240610 /* Jua-Regular.ttf */ = {isa = PBXFileReference; lastKnownFileType = file; path = "Jua-Regular.ttf"; sourceTree = "<group>"; };
		AC416A6C2A1B966D00240610 /* AppColor.swift */ = {isa = PBXFileReference; lastKnownFileType = sourcecode.swift; path = AppColor.swift; sourceTree = "<group>"; };
		AC416A6E2A1B974100240610 /* AppFont.swift */ = {isa = PBXFileReference; lastKnownFileType = sourcecode.swift; path = AppFont.swift; sourceTree = "<group>"; };
		AC416A702A1B97D900240610 /* Info.plist */ = {isa = PBXFileReference; lastKnownFileType = text.plist; path = Info.plist; sourceTree = "<group>"; };
		AC4B16D72A1609A0002667E3 /* tower-bloxx.app */ = {isa = PBXFileReference; explicitFileType = wrapper.application; includeInIndex = 0; path = "tower-bloxx.app"; sourceTree = BUILT_PRODUCTS_DIR; };
		AC4B16DA2A1609A0002667E3 /* tower_bloxxApp.swift */ = {isa = PBXFileReference; lastKnownFileType = sourcecode.swift; path = tower_bloxxApp.swift; sourceTree = "<group>"; };
		AC4B16DC2A1609A0002667E3 /* GameView.swift */ = {isa = PBXFileReference; lastKnownFileType = sourcecode.swift; path = GameView.swift; sourceTree = "<group>"; };
		AC4B16DE2A1609A1002667E3 /* Assets.xcassets */ = {isa = PBXFileReference; lastKnownFileType = folder.assetcatalog; path = Assets.xcassets; sourceTree = "<group>"; };
		AC4B16E12A1609A1002667E3 /* Preview Assets.xcassets */ = {isa = PBXFileReference; lastKnownFileType = folder.assetcatalog; path = "Preview Assets.xcassets"; sourceTree = "<group>"; };
		ACC25AC62A1D212200043E23 /* MusicController.swift */ = {isa = PBXFileReference; lastKnownFileType = sourcecode.swift; path = MusicController.swift; sourceTree = "<group>"; };
		ACD2DC312A1C708700A1ADBF /* HomeView.swift */ = {isa = PBXFileReference; lastKnownFileType = sourcecode.swift; path = HomeView.swift; sourceTree = "<group>"; };
		ACD2DC352A1C7BC400A1ADBF /* CustomButton.swift */ = {isa = PBXFileReference; lastKnownFileType = sourcecode.swift; path = CustomButton.swift; sourceTree = "<group>"; };
		ACD2DC372A1C81A000A1ADBF /* Popup.swift */ = {isa = PBXFileReference; lastKnownFileType = sourcecode.swift; path = Popup.swift; sourceTree = "<group>"; };
		ACD2DC3C2A1CCD3600A1ADBF /* TowerBlock.xcdatamodel */ = {isa = PBXFileReference; lastKnownFileType = wrapper.xcdatamodel; path = TowerBlock.xcdatamodel; sourceTree = "<group>"; };
		ACD2DC3E2A1CCDBA00A1ADBF /* CoreDataManager.swift */ = {isa = PBXFileReference; lastKnownFileType = sourcecode.swift; path = CoreDataManager.swift; sourceTree = "<group>"; };
		ACD2DC422A1D024100A1ADBF /* bgm.mp3 */ = {isa = PBXFileReference; lastKnownFileType = audio.mp3; path = bgm.mp3; sourceTree = "<group>"; };
/* End PBXFileReference section */

/* Begin PBXFrameworksBuildPhase section */
		AC4B16D42A1609A0002667E3 /* Frameworks */ = {
			isa = PBXFrameworksBuildPhase;
			buildActionMask = 2147483647;
			files = (
			);
			runOnlyForDeploymentPostprocessing = 0;
		};
/* End PBXFrameworksBuildPhase section */

/* Begin PBXGroup section */
		AC416A632A1B95C100240610 /* Application */ = {
			isa = PBXGroup;
			children = (
				AC4B16DA2A1609A0002667E3 /* tower_bloxxApp.swift */,
			);
			path = Application;
			sourceTree = "<group>";
		};
		AC416A642A1B95E100240610 /* Core */ = {
			isa = PBXGroup;
			children = (
				ACD2DC392A1CCD1400A1ADBF /* Utilities */,
				AC416A692A1B963E00240610 /* Themes */,
				AC416A662A1B960500240610 /* Font */,
				AC416A652A1B95F000240610 /* Resources */,
			);
			path = Core;
			sourceTree = "<group>";
		};
		AC416A652A1B95F000240610 /* Resources */ = {
			isa = PBXGroup;
			children = (
				ACD2DC412A1D023800A1ADBF /* Music */,
				AC4B16DE2A1609A1002667E3 /* Assets.xcassets */,
			);
			path = Resources;
			sourceTree = "<group>";
		};
		AC416A662A1B960500240610 /* Font */ = {
			isa = PBXGroup;
			children = (
				AC416A672A1B961700240610 /* Jua-Regular.ttf */,
			);
			path = Font;
			sourceTree = "<group>";
		};
		AC416A692A1B963E00240610 /* Themes */ = {
			isa = PBXGroup;
			children = (
				ACD2DC332A1C7BAE00A1ADBF /* Presenters */,
				AC416A6B2A1B964E00240610 /* Font */,
				AC416A6A2A1B964600240610 /* Colors */,
			);
			path = Themes;
			sourceTree = "<group>";
		};
		AC416A6A2A1B964600240610 /* Colors */ = {
			isa = PBXGroup;
			children = (
				AC416A6C2A1B966D00240610 /* AppColor.swift */,
			);
			path = Colors;
			sourceTree = "<group>";
		};
		AC416A6B2A1B964E00240610 /* Font */ = {
			isa = PBXGroup;
			children = (
				AC416A6E2A1B974100240610 /* AppFont.swift */,
			);
			path = Font;
			sourceTree = "<group>";
		};
		AC4B16CE2A1609A0002667E3 = {
			isa = PBXGroup;
			children = (
				AC4B16D92A1609A0002667E3 /* tower-bloxx */,
				AC4B16D82A1609A0002667E3 /* Products */,
			);
			sourceTree = "<group>";
		};
		AC4B16D82A1609A0002667E3 /* Products */ = {
			isa = PBXGroup;
			children = (
				AC4B16D72A1609A0002667E3 /* tower-bloxx.app */,
			);
			name = Products;
			sourceTree = "<group>";
		};
		AC4B16D92A1609A0002667E3 /* tower-bloxx */ = {
			isa = PBXGroup;
			children = (
				ACD2DC302A1C613800A1ADBF /* Features */,
				AC416A702A1B97D900240610 /* Info.plist */,
				AC416A642A1B95E100240610 /* Core */,
				AC416A632A1B95C100240610 /* Application */,
				AC4B16E02A1609A1002667E3 /* Preview Content */,
				AC2B00DE2A1B092700C135D3 /* Block.swift */,
			);
			path = "tower-bloxx";
			sourceTree = "<group>";
		};
		AC4B16E02A1609A1002667E3 /* Preview Content */ = {
			isa = PBXGroup;
			children = (
				AC4B16E12A1609A1002667E3 /* Preview Assets.xcassets */,
			);
			path = "Preview Content";
			sourceTree = "<group>";
		};
		ACD2DC302A1C613800A1ADBF /* Features */ = {
			isa = PBXGroup;
			children = (
				AC4B16DC2A1609A0002667E3 /* GameView.swift */,
				ACD2DC312A1C708700A1ADBF /* HomeView.swift */,
			);
			path = Features;
			sourceTree = "<group>";
		};
		ACD2DC332A1C7BAE00A1ADBF /* Presenters */ = {
			isa = PBXGroup;
			children = (
				ACD2DC342A1C7BB600A1ADBF /* Components */,
			);
			path = Presenters;
			sourceTree = "<group>";
		};
		ACD2DC342A1C7BB600A1ADBF /* Components */ = {
			isa = PBXGroup;
			children = (
				ACD2DC352A1C7BC400A1ADBF /* CustomButton.swift */,
				ACD2DC372A1C81A000A1ADBF /* Popup.swift */,
			);
			path = Components;
			sourceTree = "<group>";
		};
		ACD2DC392A1CCD1400A1ADBF /* Utilities */ = {
			isa = PBXGroup;
			children = (
				ACD2DC3A2A1CCD1B00A1ADBF /* CoreData */,
				ACC25AC62A1D212200043E23 /* MusicController.swift */,
			);
			path = Utilities;
			sourceTree = "<group>";
		};
		ACD2DC3A2A1CCD1B00A1ADBF /* CoreData */ = {
			isa = PBXGroup;
			children = (
				ACD2DC3B2A1CCD3600A1ADBF /* TowerBlock.xcdatamodeld */,
				ACD2DC3E2A1CCDBA00A1ADBF /* CoreDataManager.swift */,
			);
			path = CoreData;
			sourceTree = "<group>";
		};
		ACD2DC412A1D023800A1ADBF /* Music */ = {
			isa = PBXGroup;
			children = (
				ACD2DC422A1D024100A1ADBF /* bgm.mp3 */,
			);
			path = Music;
			sourceTree = "<group>";
		};
/* End PBXGroup section */

/* Begin PBXNativeTarget section */
		AC4B16D62A1609A0002667E3 /* tower-bloxx */ = {
			isa = PBXNativeTarget;
			buildConfigurationList = AC4B16E52A1609A1002667E3 /* Build configuration list for PBXNativeTarget "tower-bloxx" */;
			buildPhases = (
				AC4B16D32A1609A0002667E3 /* Sources */,
				AC4B16D42A1609A0002667E3 /* Frameworks */,
				AC4B16D52A1609A0002667E3 /* Resources */,
			);
			buildRules = (
			);
			dependencies = (
			);
			name = "tower-bloxx";
			productName = "tower-bloxx";
			productReference = AC4B16D72A1609A0002667E3 /* tower-bloxx.app */;
			productType = "com.apple.product-type.application";
		};
/* End PBXNativeTarget section */

/* Begin PBXProject section */
		AC4B16CF2A1609A0002667E3 /* Project object */ = {
			isa = PBXProject;
			attributes = {
				BuildIndependentTargetsInParallel = 1;
				LastSwiftUpdateCheck = 1430;
				LastUpgradeCheck = 1430;
				TargetAttributes = {
					AC4B16D62A1609A0002667E3 = {
						CreatedOnToolsVersion = 14.3;
					};
				};
			};
			buildConfigurationList = AC4B16D22A1609A0002667E3 /* Build configuration list for PBXProject "tower-bloxx" */;
			compatibilityVersion = "Xcode 14.0";
			developmentRegion = en;
			hasScannedForEncodings = 0;
			knownRegions = (
				en,
				Base,
			);
			mainGroup = AC4B16CE2A1609A0002667E3;
			productRefGroup = AC4B16D82A1609A0002667E3 /* Products */;
			projectDirPath = "";
			projectRoot = "";
			targets = (
				AC4B16D62A1609A0002667E3 /* tower-bloxx */,
			);
		};
/* End PBXProject section */

/* Begin PBXResourcesBuildPhase section */
		AC4B16D52A1609A0002667E3 /* Resources */ = {
			isa = PBXResourcesBuildPhase;
			buildActionMask = 2147483647;
			files = (
				AC416A682A1B961700240610 /* Jua-Regular.ttf in Resources */,
				AC4B16E22A1609A1002667E3 /* Preview Assets.xcassets in Resources */,
				ACD2DC432A1D024100A1ADBF /* bgm.mp3 in Resources */,
				AC4B16DF2A1609A1002667E3 /* Assets.xcassets in Resources */,
			);
			runOnlyForDeploymentPostprocessing = 0;
		};
/* End PBXResourcesBuildPhase section */

/* Begin PBXSourcesBuildPhase section */
		AC4B16D32A1609A0002667E3 /* Sources */ = {
			isa = PBXSourcesBuildPhase;
			buildActionMask = 2147483647;
			files = (
				ACD2DC3D2A1CCD3600A1ADBF /* TowerBlock.xcdatamodeld in Sources */,
				ACD2DC382A1C81A000A1ADBF /* Popup.swift in Sources */,
				AC2B00DF2A1B092700C135D3 /* Block.swift in Sources */,
				AC416A6F2A1B974100240610 /* AppFont.swift in Sources */,
				AC416A6D2A1B966D00240610 /* AppColor.swift in Sources */,
				ACD2DC322A1C708700A1ADBF /* HomeView.swift in Sources */,
				ACD2DC362A1C7BC400A1ADBF /* CustomButton.swift in Sources */,
				AC4B16DD2A1609A0002667E3 /* GameView.swift in Sources */,
				ACD2DC3F2A1CCDBA00A1ADBF /* CoreDataManager.swift in Sources */,
				AC4B16DB2A1609A0002667E3 /* tower_bloxxApp.swift in Sources */,
				ACC25AC72A1D212200043E23 /* MusicController.swift in Sources */,
			);
			runOnlyForDeploymentPostprocessing = 0;
		};
/* End PBXSourcesBuildPhase section */

/* Begin XCBuildConfiguration section */
		AC4B16E32A1609A1002667E3 /* Debug */ = {
			isa = XCBuildConfiguration;
			buildSettings = {
				ALWAYS_SEARCH_USER_PATHS = NO;
				CLANG_ANALYZER_NONNULL = YES;
				CLANG_ANALYZER_NUMBER_OBJECT_CONVERSION = YES_AGGRESSIVE;
				CLANG_CXX_LANGUAGE_STANDARD = "gnu++20";
				CLANG_ENABLE_MODULES = YES;
				CLANG_ENABLE_OBJC_ARC = YES;
				CLANG_ENABLE_OBJC_WEAK = YES;
				CLANG_WARN_BLOCK_CAPTURE_AUTORELEASING = YES;
				CLANG_WARN_BOOL_CONVERSION = YES;
				CLANG_WARN_COMMA = YES;
				CLANG_WARN_CONSTANT_CONVERSION = YES;
				CLANG_WARN_DEPRECATED_OBJC_IMPLEMENTATIONS = YES;
				CLANG_WARN_DIRECT_OBJC_ISA_USAGE = YES_ERROR;
				CLANG_WARN_DOCUMENTATION_COMMENTS = YES;
				CLANG_WARN_EMPTY_BODY = YES;
				CLANG_WARN_ENUM_CONVERSION = YES;
				CLANG_WARN_INFINITE_RECURSION = YES;
				CLANG_WARN_INT_CONVERSION = YES;
				CLANG_WARN_NON_LITERAL_NULL_CONVERSION = YES;
				CLANG_WARN_OBJC_IMPLICIT_RETAIN_SELF = YES;
				CLANG_WARN_OBJC_LITERAL_CONVERSION = YES;
				CLANG_WARN_OBJC_ROOT_CLASS = YES_ERROR;
				CLANG_WARN_QUOTED_INCLUDE_IN_FRAMEWORK_HEADER = YES;
				CLANG_WARN_RANGE_LOOP_ANALYSIS = YES;
				CLANG_WARN_STRICT_PROTOTYPES = YES;
				CLANG_WARN_SUSPICIOUS_MOVE = YES;
				CLANG_WARN_UNGUARDED_AVAILABILITY = YES_AGGRESSIVE;
				CLANG_WARN_UNREACHABLE_CODE = YES;
				CLANG_WARN__DUPLICATE_METHOD_MATCH = YES;
				COPY_PHASE_STRIP = NO;
				DEBUG_INFORMATION_FORMAT = dwarf;
				ENABLE_STRICT_OBJC_MSGSEND = YES;
				ENABLE_TESTABILITY = YES;
				GCC_C_LANGUAGE_STANDARD = gnu11;
				GCC_DYNAMIC_NO_PIC = NO;
				GCC_NO_COMMON_BLOCKS = YES;
				GCC_OPTIMIZATION_LEVEL = 0;
				GCC_PREPROCESSOR_DEFINITIONS = (
					"DEBUG=1",
					"$(inherited)",
				);
				GCC_WARN_64_TO_32_BIT_CONVERSION = YES;
				GCC_WARN_ABOUT_RETURN_TYPE = YES_ERROR;
				GCC_WARN_UNDECLARED_SELECTOR = YES;
				GCC_WARN_UNINITIALIZED_AUTOS = YES_AGGRESSIVE;
				GCC_WARN_UNUSED_FUNCTION = YES;
				GCC_WARN_UNUSED_VARIABLE = YES;
				IPHONEOS_DEPLOYMENT_TARGET = 16.4;
				MTL_ENABLE_DEBUG_INFO = INCLUDE_SOURCE;
				MTL_FAST_MATH = YES;
				ONLY_ACTIVE_ARCH = YES;
				SDKROOT = iphoneos;
				SWIFT_ACTIVE_COMPILATION_CONDITIONS = DEBUG;
				SWIFT_OPTIMIZATION_LEVEL = "-Onone";
			};
			name = Debug;
		};
		AC4B16E42A1609A1002667E3 /* Release */ = {
			isa = XCBuildConfiguration;
			buildSettings = {
				ALWAYS_SEARCH_USER_PATHS = NO;
				CLANG_ANALYZER_NONNULL = YES;
				CLANG_ANALYZER_NUMBER_OBJECT_CONVERSION = YES_AGGRESSIVE;
				CLANG_CXX_LANGUAGE_STANDARD = "gnu++20";
				CLANG_ENABLE_MODULES = YES;
				CLANG_ENABLE_OBJC_ARC = YES;
				CLANG_ENABLE_OBJC_WEAK = YES;
				CLANG_WARN_BLOCK_CAPTURE_AUTORELEASING = YES;
				CLANG_WARN_BOOL_CONVERSION = YES;
				CLANG_WARN_COMMA = YES;
				CLANG_WARN_CONSTANT_CONVERSION = YES;
				CLANG_WARN_DEPRECATED_OBJC_IMPLEMENTATIONS = YES;
				CLANG_WARN_DIRECT_OBJC_ISA_USAGE = YES_ERROR;
				CLANG_WARN_DOCUMENTATION_COMMENTS = YES;
				CLANG_WARN_EMPTY_BODY = YES;
				CLANG_WARN_ENUM_CONVERSION = YES;
				CLANG_WARN_INFINITE_RECURSION = YES;
				CLANG_WARN_INT_CONVERSION = YES;
				CLANG_WARN_NON_LITERAL_NULL_CONVERSION = YES;
				CLANG_WARN_OBJC_IMPLICIT_RETAIN_SELF = YES;
				CLANG_WARN_OBJC_LITERAL_CONVERSION = YES;
				CLANG_WARN_OBJC_ROOT_CLASS = YES_ERROR;
				CLANG_WARN_QUOTED_INCLUDE_IN_FRAMEWORK_HEADER = YES;
				CLANG_WARN_RANGE_LOOP_ANALYSIS = YES;
				CLANG_WARN_STRICT_PROTOTYPES = YES;
				CLANG_WARN_SUSPICIOUS_MOVE = YES;
				CLANG_WARN_UNGUARDED_AVAILABILITY = YES_AGGRESSIVE;
				CLANG_WARN_UNREACHABLE_CODE = YES;
				CLANG_WARN__DUPLICATE_METHOD_MATCH = YES;
				COPY_PHASE_STRIP = NO;
				DEBUG_INFORMATION_FORMAT = "dwarf-with-dsym";
				ENABLE_NS_ASSERTIONS = NO;
				ENABLE_STRICT_OBJC_MSGSEND = YES;
				GCC_C_LANGUAGE_STANDARD = gnu11;
				GCC_NO_COMMON_BLOCKS = YES;
				GCC_WARN_64_TO_32_BIT_CONVERSION = YES;
				GCC_WARN_ABOUT_RETURN_TYPE = YES_ERROR;
				GCC_WARN_UNDECLARED_SELECTOR = YES;
				GCC_WARN_UNINITIALIZED_AUTOS = YES_AGGRESSIVE;
				GCC_WARN_UNUSED_FUNCTION = YES;
				GCC_WARN_UNUSED_VARIABLE = YES;
				IPHONEOS_DEPLOYMENT_TARGET = 16.4;
				MTL_ENABLE_DEBUG_INFO = NO;
				MTL_FAST_MATH = YES;
				SDKROOT = iphoneos;
				SWIFT_COMPILATION_MODE = wholemodule;
				SWIFT_OPTIMIZATION_LEVEL = "-O";
				VALIDATE_PRODUCT = YES;
			};
			name = Release;
		};
		AC4B16E62A1609A1002667E3 /* Debug */ = {
			isa = XCBuildConfiguration;
			buildSettings = {
				ASSETCATALOG_COMPILER_APPICON_NAME = AppIcon;
				ASSETCATALOG_COMPILER_GLOBAL_ACCENT_COLOR_NAME = AccentColor;
				CODE_SIGN_STYLE = Automatic;
				CURRENT_PROJECT_VERSION = 1;
				DEVELOPMENT_ASSET_PATHS = "\"tower-bloxx/Preview Content\"";
				DEVELOPMENT_TEAM = CL2T9LDG63;
				ENABLE_PREVIEWS = YES;
				GENERATE_INFOPLIST_FILE = YES;
				INFOPLIST_FILE = "tower-bloxx/Info.plist";
				INFOPLIST_KEY_CFBundleDisplayName = "Tower Block";
				INFOPLIST_KEY_UIApplicationSceneManifest_Generation = YES;
				INFOPLIST_KEY_UIApplicationSupportsIndirectInputEvents = YES;
				INFOPLIST_KEY_UILaunchScreen_Generation = YES;
				INFOPLIST_KEY_UISupportedInterfaceOrientations = UIInterfaceOrientationPortrait;
				INFOPLIST_KEY_UISupportedInterfaceOrientations_iPad = "UIInterfaceOrientationLandscapeLeft UIInterfaceOrientationLandscapeRight UIInterfaceOrientationPortrait UIInterfaceOrientationPortraitUpsideDown";
				IPHONEOS_DEPLOYMENT_TARGET = 16.0;
				LD_RUNPATH_SEARCH_PATHS = (
					"$(inherited)",
					"@executable_path/Frameworks",
				);
				MARKETING_VERSION = 1.0;
				PRODUCT_BUNDLE_IDENTIFIER = "keziaglr.tower-bloxx";
				PRODUCT_NAME = "$(TARGET_NAME)";
				SWIFT_EMIT_LOC_STRINGS = YES;
				SWIFT_VERSION = 5.0;
				TARGETED_DEVICE_FAMILY = "1,2";
			};
			name = Debug;
		};
		AC4B16E72A1609A1002667E3 /* Release */ = {
			isa = XCBuildConfiguration;
			buildSettings = {
				ASSETCATALOG_COMPILER_APPICON_NAME = AppIcon;
				ASSETCATALOG_COMPILER_GLOBAL_ACCENT_COLOR_NAME = AccentColor;
				CODE_SIGN_STYLE = Automatic;
				CURRENT_PROJECT_VERSION = 1;
				DEVELOPMENT_ASSET_PATHS = "\"tower-bloxx/Preview Content\"";
				DEVELOPMENT_TEAM = CL2T9LDG63;
				ENABLE_PREVIEWS = YES;
				GENERATE_INFOPLIST_FILE = YES;
				INFOPLIST_FILE = "tower-bloxx/Info.plist";
				INFOPLIST_KEY_CFBundleDisplayName = "Tower Block";
				INFOPLIST_KEY_UIApplicationSceneManifest_Generation = YES;
				INFOPLIST_KEY_UIApplicationSupportsIndirectInputEvents = YES;
				INFOPLIST_KEY_UILaunchScreen_Generation = YES;
				INFOPLIST_KEY_UISupportedInterfaceOrientations = UIInterfaceOrientationPortrait;
				INFOPLIST_KEY_UISupportedInterfaceOrientations_iPad = "UIInterfaceOrientationLandscapeLeft UIInterfaceOrientationLandscapeRight UIInterfaceOrientationPortrait UIInterfaceOrientationPortraitUpsideDown";
				IPHONEOS_DEPLOYMENT_TARGET = 16.0;
				LD_RUNPATH_SEARCH_PATHS = (
					"$(inherited)",
					"@executable_path/Frameworks",
				);
				MARKETING_VERSION = 1.0;
				PRODUCT_BUNDLE_IDENTIFIER = "keziaglr.tower-bloxx";
				PRODUCT_NAME = "$(TARGET_NAME)";
				SWIFT_EMIT_LOC_STRINGS = YES;
				SWIFT_VERSION = 5.0;
				TARGETED_DEVICE_FAMILY = "1,2";
			};
			name = Release;
		};
/* End XCBuildConfiguration section */

/* Begin XCConfigurationList section */
		AC4B16D22A1609A0002667E3 /* Build configuration list for PBXProject "tower-bloxx" */ = {
			isa = XCConfigurationList;
			buildConfigurations = (
				AC4B16E32A1609A1002667E3 /* Debug */,
				AC4B16E42A1609A1002667E3 /* Release */,
			);
			defaultConfigurationIsVisible = 0;
			defaultConfigurationName = Release;
		};
		AC4B16E52A1609A1002667E3 /* Build configuration list for PBXNativeTarget "tower-bloxx" */ = {
			isa = XCConfigurationList;
			buildConfigurations = (
				AC4B16E62A1609A1002667E3 /* Debug */,
				AC4B16E72A1609A1002667E3 /* Release */,
			);
			defaultConfigurationIsVisible = 0;
			defaultConfigurationName = Release;
		};
/* End XCConfigurationList section */

/* Begin XCVersionGroup section */
		ACD2DC3B2A1CCD3600A1ADBF /* TowerBlock.xcdatamodeld */ = {
			isa = XCVersionGroup;
			children = (
				ACD2DC3C2A1CCD3600A1ADBF /* TowerBlock.xcdatamodel */,
			);
			currentVersion = ACD2DC3C2A1CCD3600A1ADBF /* TowerBlock.xcdatamodel */;
			path = TowerBlock.xcdatamodeld;
			sourceTree = "<group>";
			versionGroupType = wrapper.xcdatamodel;
		};
/* End XCVersionGroup section */
	};
	rootObject = AC4B16CF2A1609A0002667E3 /* Project object */;
}
